
Microsoft Visual Studio Solution File, Format Version 12.00
# Visual Studio Version 17
VisualStudioVersion = 17.11.35303.130
MinimumVisualStudioVersion = 10.0.40219.1
Project("{FAE04EC0-301F-11D3-BF4B-00C04F79EFBC}") = "PuntoYCuadrantes", "PuntoYCuadrantes\PuntoYCuadrantes.csproj", "{984DC1C1-D06B-4F07-97CA-921A16E6E5D3}"
EndProject
Global
	GlobalSection(SolutionConfigurationPlatforms) = preSolution
		Debug|Any CPU = Debug|Any CPU
		Release|Any CPU = Release|Any CPU
	EndGlobalSection
	GlobalSection(ProjectConfigurationPlatforms) = postSolution
		{984DC1C1-D06B-4F07-97CA-921A16E6E5D3}.Debug|Any CPU.ActiveCfg = Debug|Any CPU
		{984DC1C1-D06B-4F07-97CA-921A16E6E5D3}.Debug|Any CPU.Build.0 = Debug|Any CPU
		{984DC1C1-D06B-4F07-97CA-921A16E6E5D3}.Release|Any CPU.ActiveCfg = Release|Any CPU
		{984DC1C1-D06B-4F07-97CA-921A16E6E5D3}.Release|Any CPU.Build.0 = Release|Any CPU
	EndGlobalSection
	GlobalSection(SolutionProperties) = preSolution
		HideSolutionNode = FALSE
	EndGlobalSection
	GlobalSection(ExtensibilityGlobals) = postSolution
		SolutionGuid = {F4F63D80-8FEC-4993-AD05-1B0E8E8E05F9}
	EndGlobalSection
EndGlobal
